
Microsoft Visual Studio Solution File, Format Version 12.00
# Visual Studio 15
VisualStudioVersion = 15.0.28307.1321
MinimumVisualStudioVersion = 10.0.40219.1
Project("{8BC9CEB8-8B4A-11D0-8D11-00A0C91BC942}") = "freeglutsetup", "freeglutsetup\freeglutsetup.vcxproj", "{EBFDA9DA-BE8E-4644-A36F-40A04A9838AF}"
EndProject
Global
	GlobalSection(SolutionConfigurationPlatforms) = preSolution
		Debug|x64 = Debug|x64
		Debug|x86 = Debug|x86
		Release|x64 = Release|x64
		Release|x86 = Release|x86
	EndGlobalSection
	GlobalSection(ProjectConfigurationPlatforms) = postSolution
		{EBFDA9DA-BE8E-4644-A36F-40A04A9838AF}.Debug|x64.ActiveCfg = Debug|x64
		{EBFDA9DA-BE8E-4644-A36F-40A04A9838AF}.Debug|x64.Build.0 = Debug|x64
		{EBFDA9DA-BE8E-4644-A36F-40A04A9838AF}.Debug|x86.ActiveCfg = Debug|Win32
		{EBFDA9DA-BE8E-4644-A36F-40A04A9838AF}.Debug|x86.Build.0 = Debug|Win32
		{EBFDA9DA-BE8E-4644-A36F-40A04A9838AF}.Release|x64.ActiveCfg = Release|x64
		{EBFDA9DA-BE8E-4644-A36F-40A04A9838AF}.Release|x64.Build.0 = Release|x64
		{EBFDA9DA-BE8E-4644-A36F-40A04A9838AF}.Release|x86.ActiveCfg = Release|Win32
		{EBFDA9DA-BE8E-4644-A36F-40A04A9838AF}.Release|x86.Build.0 = Release|Win32
	EndGlobalSection
	GlobalSection(SolutionProperties) = preSolution
		HideSolutionNode = FALSE
	EndGlobalSection
	GlobalSection(ExtensibilityGlobals) = postSolution
		SolutionGuid = {3BC903DE-5E23-41FF-A27B-1BA5BC393CFE}
	EndGlobalSection
EndGlobal
